
Microsoft Visual Studio Solution File, Format Version 12.00
# Visual Studio Version 17
VisualStudioVersion = 17.4.33110.190
MinimumVisualStudioVersion = 15.0.26124.0
Project("{9A19103F-16F7-4668-BE54-9A1E7A4F7556}") = "Inferno.Api", "Inferno.Api\Inferno.Api.csproj", "{D4477422-0421-4F19-A64B-729C9680E0BE}"
EndProject
Project("{9A19103F-16F7-4668-BE54-9A1E7A4F7556}") = "Inferno.Cli", "Inferno.Cli\Inferno.Cli.csproj", "{A0AA5E4B-1995-45F7-B7C1-3088B2E13002}"
EndProject
Project("{9A19103F-16F7-4668-BE54-9A1E7A4F7556}") = "Inferno.Common", "Inferno.Common\Inferno.Common.csproj", "{AADA6360-ECE3-4176-AD5A-ED8E5D762841}"
EndProject
Project("{9A19103F-16F7-4668-BE54-9A1E7A4F7556}") = "Inferno.Mqtt", "Inferno.Mqtt\Inferno.Mqtt.csproj", "{5A5F6FD4-2770-4EB8-9E69-FD95E53CF06A}"
EndProject
Global
	GlobalSection(SolutionConfigurationPlatforms) = preSolution
		Debug|Any CPU = Debug|Any CPU
		Debug|x64 = Debug|x64
		Debug|x86 = Debug|x86
		Release|Any CPU = Release|Any CPU
		Release|x64 = Release|x64
		Release|x86 = Release|x86
	EndGlobalSection
	GlobalSection(ProjectConfigurationPlatforms) = postSolution
		{D4477422-0421-4F19-A64B-729C9680E0BE}.Debug|Any CPU.ActiveCfg = Debug|Any CPU
		{D4477422-0421-4F19-A64B-729C9680E0BE}.Debug|Any CPU.Build.0 = Debug|Any CPU
		{D4477422-0421-4F19-A64B-729C9680E0BE}.Debug|x64.ActiveCfg = Debug|Any CPU
		{D4477422-0421-4F19-A64B-729C9680E0BE}.Debug|x64.Build.0 = Debug|Any CPU
		{D4477422-0421-4F19-A64B-729C9680E0BE}.Debug|x86.ActiveCfg = Debug|Any CPU
		{D4477422-0421-4F19-A64B-729C9680E0BE}.Debug|x86.Build.0 = Debug|Any CPU
		{D4477422-0421-4F19-A64B-729C9680E0BE}.Release|Any CPU.ActiveCfg = Release|Any CPU
		{D4477422-0421-4F19-A64B-729C9680E0BE}.Release|Any CPU.Build.0 = Release|Any CPU
		{D4477422-0421-4F19-A64B-729C9680E0BE}.Release|x64.ActiveCfg = Release|Any CPU
		{D4477422-0421-4F19-A64B-729C9680E0BE}.Release|x64.Build.0 = Release|Any CPU
		{D4477422-0421-4F19-A64B-729C9680E0BE}.Release|x86.ActiveCfg = Release|Any CPU
		{D4477422-0421-4F19-A64B-729C9680E0BE}.Release|x86.Build.0 = Release|Any CPU
		{A0AA5E4B-1995-45F7-B7C1-3088B2E13002}.Debug|Any CPU.ActiveCfg = Debug|Any CPU
		{A0AA5E4B-1995-45F7-B7C1-3088B2E13002}.Debug|Any CPU.Build.0 = Debug|Any CPU
		{A0AA5E4B-1995-45F7-B7C1-3088B2E13002}.Debug|x64.ActiveCfg = Debug|Any CPU
		{A0AA5E4B-1995-45F7-B7C1-3088B2E13002}.Debug|x64.Build.0 = Debug|Any CPU
		{A0AA5E4B-1995-45F7-B7C1-3088B2E13002}.Debug|x86.ActiveCfg = Debug|Any CPU
		{A0AA5E4B-1995-45F7-B7C1-3088B2E13002}.Debug|x86.Build.0 = Debug|Any CPU
		{A0AA5E4B-1995-45F7-B7C1-3088B2E13002}.Release|Any CPU.ActiveCfg = Release|Any CPU
		{A0AA5E4B-1995-45F7-B7C1-3088B2E13002}.Release|Any CPU.Build.0 = Release|Any CPU
		{A0AA5E4B-1995-45F7-B7C1-3088B2E13002}.Release|x64.ActiveCfg = Release|Any CPU
		{A0AA5E4B-1995-45F7-B7C1-3088B2E13002}.Release|x64.Build.0 = Release|Any CPU
		{A0AA5E4B-1995-45F7-B7C1-3088B2E13002}.Release|x86.ActiveCfg = Release|Any CPU
		{A0AA5E4B-1995-45F7-B7C1-3088B2E13002}.Release|x86.Build.0 = Release|Any CPU
		{AADA6360-ECE3-4176-AD5A-ED8E5D762841}.Debug|Any CPU.ActiveCfg = Debug|Any CPU
		{AADA6360-ECE3-4176-AD5A-ED8E5D762841}.Debug|Any CPU.Build.0 = Debug|Any CPU
		{AADA6360-ECE3-4176-AD5A-ED8E5D762841}.Debug|x64.ActiveCfg = Debug|Any CPU
		{AADA6360-ECE3-4176-AD5A-ED8E5D762841}.Debug|x64.Build.0 = Debug|Any CPU
		{AADA6360-ECE3-4176-AD5A-ED8E5D762841}.Debug|x86.ActiveCfg = Debug|Any CPU
		{AADA6360-ECE3-4176-AD5A-ED8E5D762841}.Debug|x86.Build.0 = Debug|Any CPU
		{AADA6360-ECE3-4176-AD5A-ED8E5D762841}.Release|Any CPU.ActiveCfg = Release|Any CPU
		{AADA6360-ECE3-4176-AD5A-ED8E5D762841}.Release|Any CPU.Build.0 = Release|Any CPU
		{AADA6360-ECE3-4176-AD5A-ED8E5D762841}.Release|x64.ActiveCfg = Release|Any CPU
		{AADA6360-ECE3-4176-AD5A-ED8E5D762841}.Release|x64.Build.0 = Release|Any CPU
		{AADA6360-ECE3-4176-AD5A-ED8E5D762841}.Release|x86.ActiveCfg = Release|Any CPU
		{AADA6360-ECE3-4176-AD5A-ED8E5D762841}.Release|x86.Build.0 = Release|Any CPU
		{5A5F6FD4-2770-4EB8-9E69-FD95E53CF06A}.Debug|Any CPU.ActiveCfg = Debug|Any CPU
		{5A5F6FD4-2770-4EB8-9E69-FD95E53CF06A}.Debug|Any CPU.Build.0 = Debug|Any CPU
		{5A5F6FD4-2770-4EB8-9E69-FD95E53CF06A}.Debug|x64.ActiveCfg = Debug|Any CPU
		{5A5F6FD4-2770-4EB8-9E69-FD95E53CF06A}.Debug|x64.Build.0 = Debug|Any CPU
		{5A5F6FD4-2770-4EB8-9E69-FD95E53CF06A}.Debug|x86.ActiveCfg = Debug|Any CPU
		{5A5F6FD4-2770-4EB8-9E69-FD95E53CF06A}.Debug|x86.Build.0 = Debug|Any CPU
		{5A5F6FD4-2770-4EB8-9E69-FD95E53CF06A}.Release|Any CPU.ActiveCfg = Release|Any CPU
		{5A5F6FD4-2770-4EB8-9E69-FD95E53CF06A}.Release|Any CPU.Build.0 = Release|Any CPU
		{5A5F6FD4-2770-4EB8-9E69-FD95E53CF06A}.Release|x64.ActiveCfg = Release|Any CPU
		{5A5F6FD4-2770-4EB8-9E69-FD95E53CF06A}.Release|x64.Build.0 = Release|Any CPU
		{5A5F6FD4-2770-4EB8-9E69-FD95E53CF06A}.Release|x86.ActiveCfg = Release|Any CPU
		{5A5F6FD4-2770-4EB8-9E69-FD95E53CF06A}.Release|x86.Build.0 = Release|Any CPU
	EndGlobalSection
	GlobalSection(SolutionProperties) = preSolution
		HideSolutionNode = FALSE
	EndGlobalSection
	GlobalSection(ExtensibilityGlobals) = postSolution
		SolutionGuid = {750DB10E-0ED8-433F-8E3B-E630B7611ADB}
	EndGlobalSection
EndGlobal
